{
  "nodes": {
    "flake-parts": {
      "inputs": {
        "nixpkgs-lib": "nixpkgs-lib"
      },
      "locked": {
        "lastModified": 1778716662,
        "narHash": "sha256-m1Yf0wZ8j1OHjTc2UwHwyQRSnNeSgLJOd7q5Y45hzi4=",
        "owner": "hercules-ci",
        "repo": "flake-parts",
        "rev": "f7c1a2d347e4c52d5fb8d10cb4d94b5884e546fb",
        "type": "github"
      },
      "original": {
        "owner": "hercules-ci",
        "repo": "flake-parts",
        "type": "github"
      }
    },
    "nix-patcher": {
      "inputs": {
        "nixpkgs": [
          "nixpkgs"
        ]
      },
      "locked": {
        "lastModified": 1776259219,
        "narHash": "sha256-TIqr96GpPhWzCWOau5uOtSTwIqP1kC8gzP7WCnwOXyo=",
        "owner": "katrinafyi",
        "repo": "nix-patcher",
        "rev": "8afefc7c0d7dd3bae8fe03bdd2054b69694aad07",
        "type": "github"
      },
      "original": {
        "owner": "katrinafyi",
        "repo": "nix-patcher",
        "type": "github"
      }
    },
    "nixpkgs": {
      "locked": {
        "lastModified": 1778443072,
        "narHash": "sha256-zi7/fsqM/kFdNuED//4WOCUtezGtKKqRNORjMvfwjnA=",
        "owner": "nixos",
        "repo": "nixpkgs",
        "rev": "da5ad661ba4e5ef59ba743f0d112cbc30e474f32",
        "type": "github"
      },
      "original": {
        "owner": "nixos",
        "ref": "nixos-unstable",
        "repo": "nixpkgs",
        "type": "github"
      }
    },
    "nixpkgs-lib": {
      "locked": {
        "lastModified": 1777168982,
        "narHash": "sha256-GOkGPcboWE9BmGCRMLX3worL4EMnsnG8MyKmXNeYuhQ=",
        "owner": "nix-community",
        "repo": "nixpkgs.lib",
        "rev": "f5901329dade4a6ea039af1433fb087bd9c1fe14",
        "type": "github"
      },
      "original": {
        "owner": "nix-community",
        "repo": "nixpkgs.lib",
        "type": "github"
      }
    },
    "nixpkgs-patch-10": {
      "flake": false,
      "locked": {
        "narHash": "sha256-oInNMaE9p2NSlR2LiaOp0VI8ePZ2urrcSKdo/MJwifE=",
        "type": "file",
        "url": "https://github.com/dtomvan/nixpkgs/commit/1af0598daff7f663144defe209a776d1b4d178b4.patch"
      },
      "original": {
        "type": "file",
        "url": "https://github.com/dtomvan/nixpkgs/commit/1af0598daff7f663144defe209a776d1b4d178b4.patch"
      }
    },
    "nixpkgs-patch-20": {
      "flake": false,
      "locked": {
        "narHash": "sha256-N5QeYpUbKJywCmrMFOLHw6p/Gnp9ZnVpQAyeMZ/yyis=",
        "type": "file",
        "url": "https://github.com/nixos/nixpkgs/commit/dd8d9f2d8a5efd08ada311f9a63f496244dd694b.patch"
      },
      "original": {
        "type": "file",
        "url": "https://github.com/nixos/nixpkgs/commit/dd8d9f2d8a5efd08ada311f9a63f496244dd694b.patch"
      }
    },
    "nixpkgs-patched": {
      "locked": {
        "lastModified": 1778851722,
        "narHash": "sha256-WzX9u3dMY4zEnNcZHkiA9/48xkyIWbk3tCSM0MKpuSo=",
        "owner": "dtomvan",
        "repo": "nixpkgs",
        "rev": "4766ad3b89c8e20a35f662cb6690d24829bdb056",
        "type": "github"
      },
      "original": {
        "owner": "dtomvan",
        "ref": "nixos-unstable-patched",
        "repo": "nixpkgs",
        "type": "github"
      }
    },
    "root": {
      "inputs": {
        "flake-parts": "flake-parts",
        "nix-patcher": "nix-patcher",
        "nixpkgs": "nixpkgs",
        "nixpkgs-patch-10": "nixpkgs-patch-10",
        "nixpkgs-patch-20": "nixpkgs-patch-20",
        "nixpkgs-patched": "nixpkgs-patched",
        "systems": "systems"
      }
    },
    "systems": {
      "locked": {
        "lastModified": 1681028828,
        "narHash": "sha256-Vy1rq5AaRuLzOxct8nz4T6wlgyUR7zLU309k9mBC768=",
        "owner": "nix-systems",
        "repo": "default",
        "rev": "da67096a3b9bf56a91d16901293e51ba5b49a27e",
        "type": "github"
      },
      "original": {
        "owner": "nix-systems",
        "repo": "default",
        "type": "github"
      }
    }
  },
  "root": "root",
  "version": 7
}
